// !$*UTF8*$!
{
	archiveVersion = 1;
	classes = {
	};
	objectVersion = 46;
	objects = {

/* Begin PBXBuildFile section */
		910B2F48527D9109A742B430 /* libPods-SuperNote.a in Frameworks */ = {isa = PBXBuildFile; fileRef = F3AA2A18DA73BAC917493203 /* libPods-SuperNote.a */; };
		B81278B11C51753B00DE594D /* CustomButton.m in Sources */ = {isa = PBXBuildFile; fileRef = B81278B01C51753B00DE594D /* CustomButton.m */; };
		B81278B41C51762E00DE594D /* HomeViewController.m in Sources */ = {isa = PBXBuildFile; fileRef = B81278B31C51762E00DE594D /* HomeViewController.m */; };
		B818D0C51C494B8D007C97DD /* NSString+DateFormatter.m in Sources */ = {isa = PBXBuildFile; fileRef = B818D0C41C494B8D007C97DD /* NSString+DateFormatter.m */; };
		B818D0C71C49577D007C97DD /* Plus Math-50.png in Resources */ = {isa = PBXBuildFile; fileRef = B818D0C61C49577D007C97DD /* Plus Math-50.png */; };
		B818D0C91C49591E007C97DD /* Plus.png in Resources */ = {isa = PBXBuildFile; fileRef = B818D0C81C49591E007C97DD /* Plus.png */; };
		B819EC111C445583009529DC /* main.m in Sources */ = {isa = PBXBuildFile; fileRef = B819EC101C445583009529DC /* main.m */; };
		B819EC141C445583009529DC /* AppDelegate.m in Sources */ = {isa = PBXBuildFile; fileRef = B819EC131C445583009529DC /* AppDelegate.m */; };
		B819EC171C445583009529DC /* ViewController.m in Sources */ = {isa = PBXBuildFile; fileRef = B819EC161C445583009529DC /* ViewController.m */; };
		B819EC1A1C445583009529DC /* Main.storyboard in Resources */ = {isa = PBXBuildFile; fileRef = B819EC181C445583009529DC /* Main.storyboard */; };
		B819EC1C1C445583009529DC /* Assets.xcassets in Resources */ = {isa = PBXBuildFile; fileRef = B819EC1B1C445583009529DC /* Assets.xcassets */; };
		B819EC1F1C445583009529DC /* LaunchScreen.storyboard in Resources */ = {isa = PBXBuildFile; fileRef = B819EC1D1C445583009529DC /* LaunchScreen.storyboard */; };
		B819EC281C44598B009529DC /* SuperNoteManager.m in Sources */ = {isa = PBXBuildFile; fileRef = B819EC271C44598B009529DC /* SuperNoteManager.m */; };
		B81FD0E21C4804BE00CB03B8 /* EmptyNotesController.m in Sources */ = {isa = PBXBuildFile; fileRef = B81FD0E11C4804BE00CB03B8 /* EmptyNotesController.m */; };
		B81FD0E51C48052300CB03B8 /* NotesListController.m in Sources */ = {isa = PBXBuildFile; fileRef = B81FD0E41C48052300CB03B8 /* NotesListController.m */; };
		B81FD0E81C4805D500CB03B8 /* ContainerViewController.m in Sources */ = {isa = PBXBuildFile; fileRef = B81FD0E71C4805D500CB03B8 /* ContainerViewController.m */; };
		B81FD0EE1C4809C200CB03B8 /* EmptySegue.m in Sources */ = {isa = PBXBuildFile; fileRef = B81FD0ED1C4809C200CB03B8 /* EmptySegue.m */; };
		B81FD0F11C48157200CB03B8 /* WriteNotesController.m in Sources */ = {isa = PBXBuildFile; fileRef = B81FD0F01C48157200CB03B8 /* WriteNotesController.m */; };
		B841EE031C56CCCA0099F273 /* QueryMode.m in Sources */ = {isa = PBXBuildFile; fileRef = B841EE021C56CCCA0099F273 /* QueryMode.m */; };
/* End PBXBuildFile section */

/* Begin PBXFileReference section */
		1CFD6E9AB927109497296E26 /* Pods-SuperNote.debug.xcconfig */ = {isa = PBXFileReference; includeInIndex = 1; lastKnownFileType = text.xcconfig; name = "Pods-SuperNote.debug.xcconfig"; path = "Pods/Target Support Files/Pods-SuperNote/Pods-SuperNote.debug.xcconfig"; sourceTree = "<group>"; };
		4DB22A344901112CC2BC3EFE /* Pods-SuperNote.release.xcconfig */ = {isa = PBXFileReference; includeInIndex = 1; lastKnownFileType = text.xcconfig; name = "Pods-SuperNote.release.xcconfig"; path = "Pods/Target Support Files/Pods-SuperNote/Pods-SuperNote.release.xcconfig"; sourceTree = "<group>"; };
		B81278AF1C51753B00DE594D /* CustomButton.h */ = {isa = PBXFileReference; fileEncoding = 4; lastKnownFileType = sourcecode.c.h; path = CustomButton.h; sourceTree = "<group>"; };
		B81278B01C51753B00DE594D /* CustomButton.m */ = {isa = PBXFileReference; fileEncoding = 4; lastKnownFileType = sourcecode.c.objc; path = CustomButton.m; sourceTree = "<group>"; };
		B81278B21C51762E00DE594D /* HomeViewController.h */ = {isa = PBXFileReference; fileEncoding = 4; lastKnownFileType = sourcecode.c.h; path = HomeViewController.h; sourceTree = "<group>"; };
		B81278B31C51762E00DE594D /* HomeViewController.m */ = {isa = PBXFileReference; fileEncoding = 4; lastKnownFileType = sourcecode.c.objc; path = HomeViewController.m; sourceTree = "<group>"; };
		B818D0C31C494B8D007C97DD /* NSString+DateFormatter.h */ = {isa = PBXFileReference; fileEncoding = 4; lastKnownFileType = sourcecode.c.h; path = "NSString+DateFormatter.h"; sourceTree = "<group>"; };
		B818D0C41C494B8D007C97DD /* NSString+DateFormatter.m */ = {isa = PBXFileReference; fileEncoding = 4; lastKnownFileType = sourcecode.c.objc; path = "NSString+DateFormatter.m"; sourceTree = "<group>"; };
		B818D0C61C49577D007C97DD /* Plus Math-50.png */ = {isa = PBXFileReference; lastKnownFileType = image.png; path = "Plus Math-50.png"; sourceTree = "<group>"; };
		B818D0C81C49591E007C97DD /* Plus.png */ = {isa = PBXFileReference; lastKnownFileType = image.png; path = Plus.png; sourceTree = "<group>"; };
		B819EC0C1C445583009529DC /* SuperNote.app */ = {isa = PBXFileReference; explicitFileType = wrapper.application; includeInIndex = 0; path = SuperNote.app; sourceTree = BUILT_PRODUCTS_DIR; };
		B819EC101C445583009529DC /* main.m */ = {isa = PBXFileReference; lastKnownFileType = sourcecode.c.objc; path = main.m; sourceTree = "<group>"; };
		B819EC121C445583009529DC /* AppDelegate.h */ = {isa = PBXFileReference; lastKnownFileType = sourcecode.c.h; path = AppDelegate.h; sourceTree = "<group>"; };
		B819EC131C445583009529DC /* AppDelegate.m */ = {isa = PBXFileReference; lastKnownFileType = sourcecode.c.objc; path = AppDelegate.m; sourceTree = "<group>"; };
		B819EC151C445583009529DC /* ViewController.h */ = {isa = PBXFileReference; lastKnownFileType = sourcecode.c.h; path = ViewController.h; sourceTree = "<group>"; };
		B819EC161C445583009529DC /* ViewController.m */ = {isa = PBXFileReference; lastKnownFileType = sourcecode.c.objc; path = ViewController.m; sourceTree = "<group>"; };
		B819EC191C445583009529DC /* Base */ = {isa = PBXFileReference; lastKnownFileType = file.storyboard; name = Base; path = Base.lproj/Main.storyboard; sourceTree = "<group>"; };
		B819EC1B1C445583009529DC /* Assets.xcassets */ = {isa = PBXFileReference; lastKnownFileType = folder.assetcatalog; path = Assets.xcassets; sourceTree = "<group>"; };
		B819EC1E1C445583009529DC /* Base */ = {isa = PBXFileReference; lastKnownFileType = file.storyboard; name = Base; path = Base.lproj/LaunchScreen.storyboard; sourceTree = "<group>"; };
		B819EC201C445583009529DC /* Info.plist */ = {isa = PBXFileReference; lastKnownFileType = text.plist.xml; path = Info.plist; sourceTree = "<group>"; };
		B819EC261C44598B009529DC /* SuperNoteManager.h */ = {isa = PBXFileReference; fileEncoding = 4; lastKnownFileType = sourcecode.c.h; path = SuperNoteManager.h; sourceTree = "<group>"; };
		B819EC271C44598B009529DC /* SuperNoteManager.m */ = {isa = PBXFileReference; fileEncoding = 4; lastKnownFileType = sourcecode.c.objc; path = SuperNoteManager.m; sourceTree = "<group>"; };
		B81FD0E01C4804BE00CB03B8 /* EmptyNotesController.h */ = {isa = PBXFileReference; fileEncoding = 4; lastKnownFileType = sourcecode.c.h; path = EmptyNotesController.h; sourceTree = "<group>"; };
		B81FD0E11C4804BE00CB03B8 /* EmptyNotesController.m */ = {isa = PBXFileReference; fileEncoding = 4; lastKnownFileType = sourcecode.c.objc; path = EmptyNotesController.m; sourceTree = "<group>"; };
		B81FD0E31C48052300CB03B8 /* NotesListController.h */ = {isa = PBXFileReference; fileEncoding = 4; lastKnownFileType = sourcecode.c.h; path = NotesListController.h; sourceTree = "<group>"; };
		B81FD0E41C48052300CB03B8 /* NotesListController.m */ = {isa = PBXFileReference; fileEncoding = 4; lastKnownFileType = sourcecode.c.objc; path = NotesListController.m; sourceTree = "<group>"; };
		B81FD0E61C4805D500CB03B8 /* ContainerViewController.h */ = {isa = PBXFileReference; fileEncoding = 4; lastKnownFileType = sourcecode.c.h; path = ContainerViewController.h; sourceTree = "<group>"; };
		B81FD0E71C4805D500CB03B8 /* ContainerViewController.m */ = {isa = PBXFileReference; fileEncoding = 4; lastKnownFileType = sourcecode.c.objc; path = ContainerViewController.m; sourceTree = "<group>"; };
		B81FD0EC1C4809C200CB03B8 /* EmptySegue.h */ = {isa = PBXFileReference; fileEncoding = 4; lastKnownFileType = sourcecode.c.h; path = EmptySegue.h; sourceTree = "<group>"; };
		B81FD0ED1C4809C200CB03B8 /* EmptySegue.m */ = {isa = PBXFileReference; fileEncoding = 4; lastKnownFileType = sourcecode.c.objc; path = EmptySegue.m; sourceTree = "<group>"; };
		B81FD0EF1C48157200CB03B8 /* WriteNotesController.h */ = {isa = PBXFileReference; fileEncoding = 4; lastKnownFileType = sourcecode.c.h; path = WriteNotesController.h; sourceTree = "<group>"; };
		B81FD0F01C48157200CB03B8 /* WriteNotesController.m */ = {isa = PBXFileReference; fileEncoding = 4; lastKnownFileType = sourcecode.c.objc; path = WriteNotesController.m; sourceTree = "<group>"; };
		B82A4A8A1C46C9800064337B /* libsqlite3.0.tbd */ = {isa = PBXFileReference; lastKnownFileType = "sourcecode.text-based-dylib-definition"; name = libsqlite3.0.tbd; path = usr/lib/libsqlite3.0.tbd; sourceTree = SDKROOT; };
		B841EE011C56CCCA0099F273 /* QueryMode.h */ = {isa = PBXFileReference; fileEncoding = 4; lastKnownFileType = sourcecode.c.h; path = QueryMode.h; sourceTree = "<group>"; };
		B841EE021C56CCCA0099F273 /* QueryMode.m */ = {isa = PBXFileReference; fileEncoding = 4; lastKnownFileType = sourcecode.c.objc; path = QueryMode.m; sourceTree = "<group>"; };
		F3AA2A18DA73BAC917493203 /* libPods-SuperNote.a */ = {isa = PBXFileReference; explicitFileType = archive.ar; includeInIndex = 0; path = "libPods-SuperNote.a"; sourceTree = BUILT_PRODUCTS_DIR; };
/* End PBXFileReference section */

/* Begin PBXFrameworksBuildPhase section */
		B819EC091C445583009529DC /* Frameworks */ = {
			isa = PBXFrameworksBuildPhase;
			buildActionMask = 2147483647;
			files = (
				910B2F48527D9109A742B430 /* libPods-SuperNote.a in Frameworks */,
			);
			runOnlyForDeploymentPostprocessing = 0;
		};
/* End PBXFrameworksBuildPhase section */

/* Begin PBXGroup section */
		756A8004C34A43EF91CDF22B /* Frameworks */ = {
			isa = PBXGroup;
			children = (
				F3AA2A18DA73BAC917493203 /* libPods-SuperNote.a */,
			);
			name = Frameworks;
			sourceTree = "<group>";
		};
		89CCDC3727567D9E52CEDA95 /* Pods */ = {
			isa = PBXGroup;
			children = (
				1CFD6E9AB927109497296E26 /* Pods-SuperNote.debug.xcconfig */,
				4DB22A344901112CC2BC3EFE /* Pods-SuperNote.release.xcconfig */,
			);
			name = Pods;
			sourceTree = "<group>";
		};
		B819EC031C445583009529DC = {
			isa = PBXGroup;
			children = (
				B82A4A8A1C46C9800064337B /* libsqlite3.0.tbd */,
				B819EC0E1C445583009529DC /* SuperNote */,
				B819EC0D1C445583009529DC /* Products */,
				89CCDC3727567D9E52CEDA95 /* Pods */,
				756A8004C34A43EF91CDF22B /* Frameworks */,
			);
			sourceTree = "<group>";
		};
		B819EC0D1C445583009529DC /* Products */ = {
			isa = PBXGroup;
			children = (
				B819EC0C1C445583009529DC /* SuperNote.app */,
			);
			name = Products;
			sourceTree = "<group>";
		};
		B819EC0E1C445583009529DC /* SuperNote */ = {
			isa = PBXGroup;
			children = (
				B819EC121C445583009529DC /* AppDelegate.h */,
				B819EC131C445583009529DC /* AppDelegate.m */,
				B819EC151C445583009529DC /* ViewController.h */,
				B819EC161C445583009529DC /* ViewController.m */,
				B819EC261C44598B009529DC /* SuperNoteManager.h */,
				B819EC271C44598B009529DC /* SuperNoteManager.m */,
				B81FD0E31C48052300CB03B8 /* NotesListController.h */,
				B81FD0E41C48052300CB03B8 /* NotesListController.m */,
				B81FD0E01C4804BE00CB03B8 /* EmptyNotesController.h */,
				B81FD0E11C4804BE00CB03B8 /* EmptyNotesController.m */,
				B81278B21C51762E00DE594D /* HomeViewController.h */,
				B81278B31C51762E00DE594D /* HomeViewController.m */,
				B81FD0EF1C48157200CB03B8 /* WriteNotesController.h */,
				B81FD0F01C48157200CB03B8 /* WriteNotesController.m */,
				B841EE011C56CCCA0099F273 /* QueryMode.h */,
				B841EE021C56CCCA0099F273 /* QueryMode.m */,
				B818D0C61C49577D007C97DD /* Plus Math-50.png */,
				B818D0C81C49591E007C97DD /* Plus.png */,
				B818D0C31C494B8D007C97DD /* NSString+DateFormatter.h */,
				B818D0C41C494B8D007C97DD /* NSString+DateFormatter.m */,
				B819EC181C445583009529DC /* Main.storyboard */,
				B81278AF1C51753B00DE594D /* CustomButton.h */,
				B81278B01C51753B00DE594D /* CustomButton.m */,
				B81FD0EC1C4809C200CB03B8 /* EmptySegue.h */,
				B81FD0ED1C4809C200CB03B8 /* EmptySegue.m */,
				B81FD0E61C4805D500CB03B8 /* ContainerViewController.h */,
				B81FD0E71C4805D500CB03B8 /* ContainerViewController.m */,
				B819EC1B1C445583009529DC /* Assets.xcassets */,
				B819EC1D1C445583009529DC /* LaunchScreen.storyboard */,
				B819EC201C445583009529DC /* Info.plist */,
				B819EC0F1C445583009529DC /* Supporting Files */,
			);
			path = SuperNote;
			sourceTree = "<group>";
		};
		B819EC0F1C445583009529DC /* Supporting Files */ = {
			isa = PBXGroup;
			children = (
				B819EC101C445583009529DC /* main.m */,
			);
			name = "Supporting Files";
			sourceTree = "<group>";
		};
/* End PBXGroup section */

/* Begin PBXNativeTarget section */
		B819EC0B1C445583009529DC /* SuperNote */ = {
			isa = PBXNativeTarget;
			buildConfigurationList = B819EC231C445583009529DC /* Build configuration list for PBXNativeTarget "SuperNote" */;
			buildPhases = (
				5535BDA8D1254D75C48EE433 /* Check Pods Manifest.lock */,
				B819EC081C445583009529DC /* Sources */,
				B819EC091C445583009529DC /* Frameworks */,
				B819EC0A1C445583009529DC /* Resources */,
				20F943093DC41B14006DB89A /* Embed Pods Frameworks */,
				542D97C670B2E1223816E364 /* Copy Pods Resources */,
			);
			buildRules = (
			);
			dependencies = (
			);
			name = SuperNote;
			productName = SuperNote;
			productReference = B819EC0C1C445583009529DC /* SuperNote.app */;
			productType = "com.apple.product-type.application";
		};
/* End PBXNativeTarget section */

/* Begin PBXProject section */
		B819EC041C445583009529DC /* Project object */ = {
			isa = PBXProject;
			attributes = {
				LastUpgradeCheck = 0720;
				ORGANIZATIONNAME = "Venkata Maniteja";
				TargetAttributes = {
					B819EC0B1C445583009529DC = {
						CreatedOnToolsVersion = 7.2;
					};
				};
			};
			buildConfigurationList = B819EC071C445583009529DC /* Build configuration list for PBXProject "SuperNote" */;
			compatibilityVersion = "Xcode 3.2";
			developmentRegion = English;
			hasScannedForEncodings = 0;
			knownRegions = (
				en,
				Base,
			);
			mainGroup = B819EC031C445583009529DC;
			productRefGroup = B819EC0D1C445583009529DC /* Products */;
			projectDirPath = "";
			projectRoot = "";
			targets = (
				B819EC0B1C445583009529DC /* SuperNote */,
			);
		};
/* End PBXProject section */

/* Begin PBXResourcesBuildPhase section */
		B819EC0A1C445583009529DC /* Resources */ = {
			isa = PBXResourcesBuildPhase;
			buildActionMask = 2147483647;
			files = (
				B819EC1F1C445583009529DC /* LaunchScreen.storyboard in Resources */,
				B819EC1C1C445583009529DC /* Assets.xcassets in Resources */,
				B818D0C91C49591E007C97DD /* Plus.png in Resources */,
				B819EC1A1C445583009529DC /* Main.storyboard in Resources */,
				B818D0C71C49577D007C97DD /* Plus Math-50.png in Resources */,
			);
			runOnlyForDeploymentPostprocessing = 0;
		};
/* End PBXResourcesBuildPhase section */

/* Begin PBXShellScriptBuildPhase section */
		20F943093DC41B14006DB89A /* Embed Pods Frameworks */ = {
			isa = PBXShellScriptBuildPhase;
			buildActionMask = 2147483647;
			files = (
			);
			inputPaths = (
			);
			name = "Embed Pods Frameworks";
			outputPaths = (
			);
			runOnlyForDeploymentPostprocessing = 0;
			shellPath = /bin/sh;
			shellScript = "\"${SRCROOT}/Pods/Target Support Files/Pods-SuperNote/Pods-SuperNote-frameworks.sh\"\n";
			showEnvVarsInLog = 0;
		};
		542D97C670B2E1223816E364 /* Copy Pods Resources */ = {
			isa = PBXShellScriptBuildPhase;
			buildActionMask = 2147483647;
			files = (
			);
			inputPaths = (
			);
			name = "Copy Pods Resources";
			outputPaths = (
			);
			runOnlyForDeploymentPostprocessing = 0;
			shellPath = /bin/sh;
			shellScript = "\"${SRCROOT}/Pods/Target Support Files/Pods-SuperNote/Pods-SuperNote-resources.sh\"\n";
			showEnvVarsInLog = 0;
		};
		5535BDA8D1254D75C48EE433 /* Check Pods Manifest.lock */ = {
			isa = PBXShellScriptBuildPhase;
			buildActionMask = 2147483647;
			files = (
			);
			inputPaths = (
			);
			name = "Check Pods Manifest.lock";
			outputPaths = (
			);
			runOnlyForDeploymentPostprocessing = 0;
			shellPath = /bin/sh;
			shellScript = "diff \"${PODS_ROOT}/../Podfile.lock\" \"${PODS_ROOT}/Manifest.lock\" > /dev/null\nif [[ $? != 0 ]] ; then\n    cat << EOM\nerror: The sandbox is not in sync with the Podfile.lock. Run 'pod install' or update your CocoaPods installation.\nEOM\n    exit 1\nfi\n";
			showEnvVarsInLog = 0;
		};
/* End PBXShellScriptBuildPhase section */

/* Begin PBXSourcesBuildPhase section */
		B819EC081C445583009529DC /* Sources */ = {
			isa = PBXSourcesBuildPhase;
			buildActionMask = 2147483647;
			files = (
				B819EC171C445583009529DC /* ViewController.m in Sources */,
				B841EE031C56CCCA0099F273 /* QueryMode.m in Sources */,
				B819EC281C44598B009529DC /* SuperNoteManager.m in Sources */,
				B81FD0E81C4805D500CB03B8 /* ContainerViewController.m in Sources */,
				B819EC141C445583009529DC /* AppDelegate.m in Sources */,
				B81278B11C51753B00DE594D /* CustomButton.m in Sources */,
				B818D0C51C494B8D007C97DD /* NSString+DateFormatter.m in Sources */,
				B81FD0F11C48157200CB03B8 /* WriteNotesController.m in Sources */,
				B81FD0E51C48052300CB03B8 /* NotesListController.m in Sources */,
				B819EC111C445583009529DC /* main.m in Sources */,
				B81FD0E21C4804BE00CB03B8 /* EmptyNotesController.m in Sources */,
				B81FD0EE1C4809C200CB03B8 /* EmptySegue.m in Sources */,
				B81278B41C51762E00DE594D /* HomeViewController.m in Sources */,
			);
			runOnlyForDeploymentPostprocessing = 0;
		};
/* End PBXSourcesBuildPhase section */

/* Begin PBXVariantGroup section */
		B819EC181C445583009529DC /* Main.storyboard */ = {
			isa = PBXVariantGroup;
			children = (
				B819EC191C445583009529DC /* Base */,
			);
			name = Main.storyboard;
			sourceTree = "<group>";
		};
		B819EC1D1C445583009529DC /* LaunchScreen.storyboard */ = {
			isa = PBXVariantGroup;
			children = (
				B819EC1E1C445583009529DC /* Base */,
			);
			name = LaunchScreen.storyboard;
			sourceTree = "<group>";
		};
/* End PBXVariantGroup section */

/* Begin XCBuildConfiguration section */
		B819EC211C445583009529DC /* Debug */ = {
			isa = XCBuildConfiguration;
			buildSettings = {
				ALWAYS_SEARCH_USER_PATHS = NO;
				CLANG_CXX_LANGUAGE_STANDARD = "gnu++0x";
				CLANG_CXX_LIBRARY = "libc++";
				CLANG_ENABLE_MODULES = YES;
				CLANG_ENABLE_OBJC_ARC = YES;
				CLANG_WARN_BOOL_CONVERSION = YES;
				CLANG_WARN_CONSTANT_CONVERSION = YES;
				CLANG_WARN_DIRECT_OBJC_ISA_USAGE = YES_ERROR;
				CLANG_WARN_EMPTY_BODY = YES;
				CLANG_WARN_ENUM_CONVERSION = YES;
				CLANG_WARN_INT_CONVERSION = YES;
				CLANG_WARN_OBJC_ROOT_CLASS = YES_ERROR;
				CLANG_WARN_UNREACHABLE_CODE = YES;
				CLANG_WARN__DUPLICATE_METHOD_MATCH = YES;
				"CODE_SIGN_IDENTITY[sdk=iphoneos*]" = "iPhone Developer";
				COPY_PHASE_STRIP = NO;
				DEBUG_INFORMATION_FORMAT = dwarf;
				ENABLE_STRICT_OBJC_MSGSEND = YES;
				ENABLE_TESTABILITY = YES;
				GCC_C_LANGUAGE_STANDARD = gnu99;
				GCC_DYNAMIC_NO_PIC = NO;
				GCC_NO_COMMON_BLOCKS = YES;
				GCC_OPTIMIZATION_LEVEL = 0;
				GCC_PREPROCESSOR_DEFINITIONS = (
					"DEBUG=1",
					"$(inherited)",
				);
				GCC_WARN_64_TO_32_BIT_CONVERSION = YES;
				GCC_WARN_ABOUT_RETURN_TYPE = YES_ERROR;
				GCC_WARN_UNDECLARED_SELECTOR = YES;
				GCC_WARN_UNINITIALIZED_AUTOS = YES_AGGRESSIVE;
				GCC_WARN_UNUSED_FUNCTION = YES;
				GCC_WARN_UNUSED_VARIABLE = YES;
				IPHONEOS_DEPLOYMENT_TARGET = 9.2;
				MTL_ENABLE_DEBUG_INFO = YES;
				ONLY_ACTIVE_ARCH = YES;
				SDKROOT = iphoneos;
				TARGETED_DEVICE_FAMILY = "1,2";
			};
			name = Debug;
		};
		B819EC221C445583009529DC /* Release */ = {
			isa = XCBuildConfiguration;
			buildSettings = {
				ALWAYS_SEARCH_USER_PATHS = NO;
				CLANG_CXX_LANGUAGE_STANDARD = "gnu++0x";
				CLANG_CXX_LIBRARY = "libc++";
				CLANG_ENABLE_MODULES = YES;
				CLANG_ENABLE_OBJC_ARC = YES;
				CLANG_WARN_BOOL_CONVERSION = YES;
				CLANG_WARN_CONSTANT_CONVERSION = YES;
				CLANG_WARN_DIRECT_OBJC_ISA_USAGE = YES_ERROR;
				CLANG_WARN_EMPTY_BODY = YES;
				CLANG_WARN_ENUM_CONVERSION = YES;
				CLANG_WARN_INT_CONVERSION = YES;
				CLANG_WARN_OBJC_ROOT_CLASS = YES_ERROR;
				CLANG_WARN_UNREACHABLE_CODE = YES;
				CLANG_WARN__DUPLICATE_METHOD_MATCH = YES;
				"CODE_SIGN_IDENTITY[sdk=iphoneos*]" = "iPhone Developer";
				COPY_PHASE_STRIP = NO;
				DEBUG_INFORMATION_FORMAT = "dwarf-with-dsym";
				ENABLE_NS_ASSERTIONS = NO;
				ENABLE_STRICT_OBJC_MSGSEND = YES;
				GCC_C_LANGUAGE_STANDARD = gnu99;
				GCC_NO_COMMON_BLOCKS = YES;
				GCC_WARN_64_TO_32_BIT_CONVERSION = YES;
				GCC_WARN_ABOUT_RETURN_TYPE = YES_ERROR;
				GCC_WARN_UNDECLARED_SELECTOR = YES;
				GCC_WARN_UNINITIALIZED_AUTOS = YES_AGGRESSIVE;
				GCC_WARN_UNUSED_FUNCTION = YES;
				GCC_WARN_UNUSED_VARIABLE = YES;
				IPHONEOS_DEPLOYMENT_TARGET = 9.2;
				MTL_ENABLE_DEBUG_INFO = NO;
				SDKROOT = iphoneos;
				TARGETED_DEVICE_FAMILY = "1,2";
				VALIDATE_PRODUCT = YES;
			};
			name = Release;
		};
		B819EC241C445583009529DC /* Debug */ = {
			isa = XCBuildConfiguration;
			baseConfigurationReference = 1CFD6E9AB927109497296E26 /* Pods-SuperNote.debug.xcconfig */;
			buildSettings = {
				ASSETCATALOG_COMPILER_APPICON_NAME = AppIcon;
				INFOPLIST_FILE = SuperNote/Info.plist;
				LD_RUNPATH_SEARCH_PATHS = "$(inherited) @executable_path/Frameworks";
				PRODUCT_BUNDLE_IDENTIFIER = VenkataManiteja.SuperNote;
				PRODUCT_NAME = "$(TARGET_NAME)";
			};
			name = Debug;
		};
		B819EC251C445583009529DC /* Release */ = {
			isa = XCBuildConfiguration;
			baseConfigurationReference = 4DB22A344901112CC2BC3EFE /* Pods-SuperNote.release.xcconfig */;
			buildSettings = {
				ASSETCATALOG_COMPILER_APPICON_NAME = AppIcon;
				INFOPLIST_FILE = SuperNote/Info.plist;
				LD_RUNPATH_SEARCH_PATHS = "$(inherited) @executable_path/Frameworks";
				PRODUCT_BUNDLE_IDENTIFIER = VenkataManiteja.SuperNote;
				PRODUCT_NAME = "$(TARGET_NAME)";
			};
			name = Release;
		};
/* End XCBuildConfiguration section */

/* Begin XCConfigurationList section */
		B819EC071C445583009529DC /* Build configuration list for PBXProject "SuperNote" */ = {
			isa = XCConfigurationList;
			buildConfigurations = (
				B819EC211C445583009529DC /* Debug */,
				B819EC221C445583009529DC /* Release */,
			);
			defaultConfigurationIsVisible = 0;
			defaultConfigurationName = Release;
		};
		B819EC231C445583009529DC /* Build configuration list for PBXNativeTarget "SuperNote" */ = {
			isa = XCConfigurationList;
			buildConfigurations = (
				B819EC241C445583009529DC /* Debug */,
				B819EC251C445583009529DC /* Release */,
			);
			defaultConfigurationIsVisible = 0;
			defaultConfigurationName = Release;
		};
/* End XCConfigurationList section */
	};
	rootObject = B819EC041C445583009529DC /* Project object */;
}
